
Microsoft Visual Studio Solution File, Format Version 12.00
# Visual Studio 15
VisualStudioVersion = 15.0.28010.2003
MinimumVisualStudioVersion = 10.0.40219.1
Project("{9A19103F-16F7-4668-BE54-9A1E7A4F7556}") = "State.Core", "State.Core\State.Core.csproj", "{D33BB478-FACC-4900-9B05-F7A249318784}"
EndProject
Project("{FAE04EC0-301F-11D3-BF4B-00C04F79EFBC}") = "State.Core.Tests", "..\..\test\State.Core.Tests\State.Core.Tests.csproj", "{706FCA89-1A6A-4CF0-A759-295C2588ED0C}"
EndProject
Global
	GlobalSection(SolutionConfigurationPlatforms) = preSolution
		Debug|Any CPU = Debug|Any CPU
		Release|Any CPU = Release|Any CPU
	EndGlobalSection
	GlobalSection(ProjectConfigurationPlatforms) = postSolution
		{D33BB478-FACC-4900-9B05-F7A249318784}.Debug|Any CPU.ActiveCfg = Debug|Any CPU
		{D33BB478-FACC-4900-9B05-F7A249318784}.Debug|Any CPU.Build.0 = Debug|Any CPU
		{D33BB478-FACC-4900-9B05-F7A249318784}.Release|Any CPU.ActiveCfg = Release|Any CPU
		{D33BB478-FACC-4900-9B05-F7A249318784}.Release|Any CPU.Build.0 = Release|Any CPU
		{706FCA89-1A6A-4CF0-A759-295C2588ED0C}.Debug|Any CPU.ActiveCfg = Debug|Any CPU
		{706FCA89-1A6A-4CF0-A759-295C2588ED0C}.Debug|Any CPU.Build.0 = Debug|Any CPU
		{706FCA89-1A6A-4CF0-A759-295C2588ED0C}.Release|Any CPU.ActiveCfg = Release|Any CPU
		{706FCA89-1A6A-4CF0-A759-295C2588ED0C}.Release|Any CPU.Build.0 = Release|Any CPU
	EndGlobalSection
	GlobalSection(SolutionProperties) = preSolution
		HideSolutionNode = FALSE
	EndGlobalSection
	GlobalSection(ExtensibilityGlobals) = postSolution
		SolutionGuid = {502B5C2C-05F8-490D-892A-5E5D2CB1B061}
	EndGlobalSection
EndGlobal
