
Microsoft Visual Studio Solution File, Format Version 12.00
# Visual Studio 15
VisualStudioVersion = 15.0.28010.2003
MinimumVisualStudioVersion = 10.0.40219.1
Project("{FAE04EC0-301F-11D3-BF4B-00C04F79EFBC}") = "Decorator-core", "Decorator-core\Decorator-core.csproj", "{E3AD4DDB-010B-471F-9210-75060C1E7EE5}"
EndProject
Project("{FAE04EC0-301F-11D3-BF4B-00C04F79EFBC}") = "Decorator_Core.Tests", "..\..\..\test\C#\Decorator_Core.Tests\Decorator_Core.Tests.csproj", "{0FBD9024-41CF-4CCB-ACA5-6EBB96CEABAE}"
EndProject
Global
	GlobalSection(SolutionConfigurationPlatforms) = preSolution
		Debug|Any CPU = Debug|Any CPU
		Release|Any CPU = Release|Any CPU
	EndGlobalSection
	GlobalSection(ProjectConfigurationPlatforms) = postSolution
		{E3AD4DDB-010B-471F-9210-75060C1E7EE5}.Debug|Any CPU.ActiveCfg = Debug|Any CPU
		{E3AD4DDB-010B-471F-9210-75060C1E7EE5}.Debug|Any CPU.Build.0 = Debug|Any CPU
		{E3AD4DDB-010B-471F-9210-75060C1E7EE5}.Release|Any CPU.ActiveCfg = Release|Any CPU
		{E3AD4DDB-010B-471F-9210-75060C1E7EE5}.Release|Any CPU.Build.0 = Release|Any CPU
		{0FBD9024-41CF-4CCB-ACA5-6EBB96CEABAE}.Debug|Any CPU.ActiveCfg = Debug|Any CPU
		{0FBD9024-41CF-4CCB-ACA5-6EBB96CEABAE}.Debug|Any CPU.Build.0 = Debug|Any CPU
		{0FBD9024-41CF-4CCB-ACA5-6EBB96CEABAE}.Release|Any CPU.ActiveCfg = Release|Any CPU
		{0FBD9024-41CF-4CCB-ACA5-6EBB96CEABAE}.Release|Any CPU.Build.0 = Release|Any CPU
	EndGlobalSection
	GlobalSection(SolutionProperties) = preSolution
		HideSolutionNode = FALSE
	EndGlobalSection
	GlobalSection(ExtensibilityGlobals) = postSolution
		SolutionGuid = {6D1AFB15-8184-4411-B4D9-25948D10C71B}
	EndGlobalSection
EndGlobal
