
Microsoft Visual Studio Solution File, Format Version 12.00
# Visual Studio 15
VisualStudioVersion = 15.0.28010.2003
MinimumVisualStudioVersion = 10.0.40219.1
Project("{9A19103F-16F7-4668-BE54-9A1E7A4F7556}") = "Visitor.Core", "Visitor.Core\Visitor.Core.csproj", "{F384B939-AF20-4E43-8079-C8D82C9AC589}"
EndProject
Project("{9A19103F-16F7-4668-BE54-9A1E7A4F7556}") = "Factory.Core", "Factory.Core\Factory.Core.csproj", "{E6D4CA40-A08E-4911-9464-65CCC6BCC69D}"
EndProject
Project("{FAE04EC0-301F-11D3-BF4B-00C04F79EFBC}") = "Factory.Core.Tests", "Factory.Core.Tests\Factory.Core.Tests.csproj", "{AB63E3B5-41CF-458C-94D3-4AD83FE8191A}"
EndProject
Global
	GlobalSection(SolutionConfigurationPlatforms) = preSolution
		Debug|Any CPU = Debug|Any CPU
		Release|Any CPU = Release|Any CPU
	EndGlobalSection
	GlobalSection(ProjectConfigurationPlatforms) = postSolution
		{F384B939-AF20-4E43-8079-C8D82C9AC589}.Debug|Any CPU.ActiveCfg = Debug|Any CPU
		{F384B939-AF20-4E43-8079-C8D82C9AC589}.Debug|Any CPU.Build.0 = Debug|Any CPU
		{F384B939-AF20-4E43-8079-C8D82C9AC589}.Release|Any CPU.ActiveCfg = Release|Any CPU
		{F384B939-AF20-4E43-8079-C8D82C9AC589}.Release|Any CPU.Build.0 = Release|Any CPU
		{E6D4CA40-A08E-4911-9464-65CCC6BCC69D}.Debug|Any CPU.ActiveCfg = Debug|Any CPU
		{E6D4CA40-A08E-4911-9464-65CCC6BCC69D}.Debug|Any CPU.Build.0 = Debug|Any CPU
		{E6D4CA40-A08E-4911-9464-65CCC6BCC69D}.Release|Any CPU.ActiveCfg = Release|Any CPU
		{E6D4CA40-A08E-4911-9464-65CCC6BCC69D}.Release|Any CPU.Build.0 = Release|Any CPU
		{AB63E3B5-41CF-458C-94D3-4AD83FE8191A}.Debug|Any CPU.ActiveCfg = Debug|Any CPU
		{AB63E3B5-41CF-458C-94D3-4AD83FE8191A}.Debug|Any CPU.Build.0 = Debug|Any CPU
		{AB63E3B5-41CF-458C-94D3-4AD83FE8191A}.Release|Any CPU.ActiveCfg = Release|Any CPU
		{AB63E3B5-41CF-458C-94D3-4AD83FE8191A}.Release|Any CPU.Build.0 = Release|Any CPU
	EndGlobalSection
	GlobalSection(SolutionProperties) = preSolution
		HideSolutionNode = FALSE
	EndGlobalSection
	GlobalSection(ExtensibilityGlobals) = postSolution
		SolutionGuid = {41F97CD7-A5AA-4B21-BB6E-1D11F5616448}
	EndGlobalSection
EndGlobal
