
Microsoft Visual Studio Solution File, Format Version 12.00
# Visual Studio Version 17
VisualStudioVersion = 17.2.32526.322
MinimumVisualStudioVersion = 10.0.40219.1
Project("{9A19103F-16F7-4668-BE54-9A1E7A4F7556}") = "Factory.Core", "ex01\src\main\C#\Factory.Core\Factory.Core.csproj", "{B3EC1F7B-4F14-4247-BAF0-85BBAF2746AB}"
EndProject
Project("{9A19103F-16F7-4668-BE54-9A1E7A4F7556}") = "Factory.Core.Tests", "ex01\src\main\C#\Factory.Core.Tests\Factory.Core.Tests.csproj", "{DC7C0AB9-31D8-4802-B32A-FEB72D62F00E}"
EndProject
Global
	GlobalSection(SolutionConfigurationPlatforms) = preSolution
		Debug|Any CPU = Debug|Any CPU
		Release|Any CPU = Release|Any CPU
	EndGlobalSection
	GlobalSection(ProjectConfigurationPlatforms) = postSolution
		{B3EC1F7B-4F14-4247-BAF0-85BBAF2746AB}.Debug|Any CPU.ActiveCfg = Debug|Any CPU
		{B3EC1F7B-4F14-4247-BAF0-85BBAF2746AB}.Debug|Any CPU.Build.0 = Debug|Any CPU
		{B3EC1F7B-4F14-4247-BAF0-85BBAF2746AB}.Release|Any CPU.ActiveCfg = Release|Any CPU
		{B3EC1F7B-4F14-4247-BAF0-85BBAF2746AB}.Release|Any CPU.Build.0 = Release|Any CPU
		{DC7C0AB9-31D8-4802-B32A-FEB72D62F00E}.Debug|Any CPU.ActiveCfg = Debug|Any CPU
		{DC7C0AB9-31D8-4802-B32A-FEB72D62F00E}.Debug|Any CPU.Build.0 = Debug|Any CPU
		{DC7C0AB9-31D8-4802-B32A-FEB72D62F00E}.Release|Any CPU.ActiveCfg = Release|Any CPU
		{DC7C0AB9-31D8-4802-B32A-FEB72D62F00E}.Release|Any CPU.Build.0 = Release|Any CPU
	EndGlobalSection
	GlobalSection(SolutionProperties) = preSolution
		HideSolutionNode = FALSE
	EndGlobalSection
	GlobalSection(ExtensibilityGlobals) = postSolution
		SolutionGuid = {41F97CD7-A5AA-4B21-BB6E-1D11F5616448}
	EndGlobalSection
EndGlobal
